
Microsoft Visual Studio Solution File, Format Version 11.00
# Visual C# Express 2010
Project("{FAE04EC0-301F-11D3-BF4B-00C04F79EFBC}") = "Bidding", "Bidding\Bidding.csproj", "{C2471C80-BB33-41AF-9C27-194FCDCF0761}"
EndProject
Global
	GlobalSection(SolutionConfigurationPlatforms) = preSolution
		Debug|Any CPU = Debug|Any CPU
		Release|Any CPU = Release|Any CPU
	EndGlobalSection
	GlobalSection(ProjectConfigurationPlatforms) = postSolution
		{C2471C80-BB33-41AF-9C27-194FCDCF0761}.Debug|Any CPU.ActiveCfg = Debug|Any CPU
		{C2471C80-BB33-41AF-9C27-194FCDCF0761}.Debug|Any CPU.Build.0 = Debug|Any CPU
		{C2471C80-BB33-41AF-9C27-194FCDCF0761}.Release|Any CPU.ActiveCfg = Release|Any CPU
		{C2471C80-BB33-41AF-9C27-194FCDCF0761}.Release|Any CPU.Build.0 = Release|Any CPU
	EndGlobalSection
	GlobalSection(SolutionProperties) = preSolution
		HideSolutionNode = FALSE
	EndGlobalSection
EndGlobal
